
Microsoft Visual Studio Solution File, Format Version 12.00
# Visual Studio 15
VisualStudioVersion = 15.0.28010.2036
MinimumVisualStudioVersion = 10.0.40219.1
Project("{FAE04EC0-301F-11D3-BF4B-00C04F79EFBC}") = "SU-57_WFA", "SU-57_WFA\SU-57_WFA.csproj", "{8A39B9A9-E8A2-43BF-9E6B-CAA2A7E24E7D}"
EndProject
Global
	GlobalSection(SolutionConfigurationPlatforms) = preSolution
		Debug|Any CPU = Debug|Any CPU
		Release|Any CPU = Release|Any CPU
	EndGlobalSection
	GlobalSection(ProjectConfigurationPlatforms) = postSolution
		{8A39B9A9-E8A2-43BF-9E6B-CAA2A7E24E7D}.Debug|Any CPU.ActiveCfg = Debug|Any CPU
		{8A39B9A9-E8A2-43BF-9E6B-CAA2A7E24E7D}.Debug|Any CPU.Build.0 = Debug|Any CPU
		{8A39B9A9-E8A2-43BF-9E6B-CAA2A7E24E7D}.Release|Any CPU.ActiveCfg = Release|Any CPU
		{8A39B9A9-E8A2-43BF-9E6B-CAA2A7E24E7D}.Release|Any CPU.Build.0 = Release|Any CPU
	EndGlobalSection
	GlobalSection(SolutionProperties) = preSolution
		HideSolutionNode = FALSE
	EndGlobalSection
	GlobalSection(ExtensibilityGlobals) = postSolution
		SolutionGuid = {F9E66C12-850F-441D-A8C8-2E907FAF3874}
	EndGlobalSection
EndGlobal
